
Microsoft Visual Studio Solution File, Format Version 12.00
# Visual Studio Version 17
VisualStudioVersion = 17.6.33723.286
MinimumVisualStudioVersion = 10.0.40219.1
Project("{FAE04EC0-301F-11D3-BF4B-00C04F79EFBC}") = "ConsoleApp3", "ConsoleApp3\ConsoleApp3.csproj", "{A7CF792B-8451-4EC2-8AA4-EDA5DF98D708}"
EndProject
Global
	GlobalSection(SolutionConfigurationPlatforms) = preSolution
		Debug|Any CPU = Debug|Any CPU
		Release|Any CPU = Release|Any CPU
	EndGlobalSection
	GlobalSection(ProjectConfigurationPlatforms) = postSolution
		{A7CF792B-8451-4EC2-8AA4-EDA5DF98D708}.Debug|Any CPU.ActiveCfg = Debug|Any CPU
		{A7CF792B-8451-4EC2-8AA4-EDA5DF98D708}.Debug|Any CPU.Build.0 = Debug|Any CPU
		{A7CF792B-8451-4EC2-8AA4-EDA5DF98D708}.Release|Any CPU.ActiveCfg = Release|Any CPU
		{A7CF792B-8451-4EC2-8AA4-EDA5DF98D708}.Release|Any CPU.Build.0 = Release|Any CPU
	EndGlobalSection
	GlobalSection(SolutionProperties) = preSolution
		HideSolutionNode = FALSE
	EndGlobalSection
	GlobalSection(ExtensibilityGlobals) = postSolution
		SolutionGuid = {8B03DBCF-6CFF-4FFF-9D6C-FCFB7637D4BC}
	EndGlobalSection
EndGlobal
